// !$*UTF8*$!
{
	archiveVersion = 1;
	classes = {
	};
	objectVersion = 55;
	objects = {

/* Begin PBXBuildFile section */
		F70C74F428AE401800FD5B91 /* TimeElapsed.swift in Sources */ = {isa = PBXBuildFile; fileRef = F70C74F328AE401800FD5B91 /* TimeElapsed.swift */; };
		F70C74F628AE402500FD5B91 /* TimeElapsed.xib in Resources */ = {isa = PBXBuildFile; fileRef = F70C74F528AE402500FD5B91 /* TimeElapsed.xib */; };
		F70C74FA28AEA51200FD5B91 /* NameAndPhoneNumber.xib in Resources */ = {isa = PBXBuildFile; fileRef = F70C74F928AEA51200FD5B91 /* NameAndPhoneNumber.xib */; };
		F70C750228AF889E00FD5B91 /* RSUniversalTableViewCell.xib in Resources */ = {isa = PBXBuildFile; fileRef = F70C750128AF889E00FD5B91 /* RSUniversalTableViewCell.xib */; };
		F70C750628AFA33C00FD5B91 /* someSpecific.swift in Sources */ = {isa = PBXBuildFile; fileRef = F70C750528AFA33C00FD5B91 /* someSpecific.swift */; };
		F70C750828AFD03D00FD5B91 /* SuperUniversalCell.swift in Sources */ = {isa = PBXBuildFile; fileRef = F70C750728AFD03D00FD5B91 /* SuperUniversalCell.swift */; };
		F724FB4028A96DB700385354 /* AppDelegate.swift in Sources */ = {isa = PBXBuildFile; fileRef = F724FB3F28A96DB700385354 /* AppDelegate.swift */; };
		F724FB4228A96DB700385354 /* SceneDelegate.swift in Sources */ = {isa = PBXBuildFile; fileRef = F724FB4128A96DB700385354 /* SceneDelegate.swift */; };
		F724FB4428A96DB700385354 /* ViewController.swift in Sources */ = {isa = PBXBuildFile; fileRef = F724FB4328A96DB700385354 /* ViewController.swift */; };
		F724FB4728A96DB700385354 /* Main.storyboard in Resources */ = {isa = PBXBuildFile; fileRef = F724FB4528A96DB700385354 /* Main.storyboard */; };
		F724FB4928A96DC300385354 /* Assets.xcassets in Resources */ = {isa = PBXBuildFile; fileRef = F724FB4828A96DC300385354 /* Assets.xcassets */; };
		F724FB4C28A96DC300385354 /* LaunchScreen.storyboard in Resources */ = {isa = PBXBuildFile; fileRef = F724FB4A28A96DC300385354 /* LaunchScreen.storyboard */; };
		F74B914128AB96FF006C04F2 /* UIColor+.swift in Sources */ = {isa = PBXBuildFile; fileRef = F74B914028AB96FF006C04F2 /* UIColor+.swift */; };
		F779BCE928AA650200BD65C0 /* OnlineOrdersQueueTableViewCell.swift in Sources */ = {isa = PBXBuildFile; fileRef = F779BCE728AA650200BD65C0 /* OnlineOrdersQueueTableViewCell.swift */; };
		F779BCEA28AA650200BD65C0 /* OnlineOrdersQueueTableViewCell.xib in Resources */ = {isa = PBXBuildFile; fileRef = F779BCE828AA650200BD65C0 /* OnlineOrdersQueueTableViewCell.xib */; };
		F779BCED28AA668A00BD65C0 /* RSUniversalTableViewCell.swift in Sources */ = {isa = PBXBuildFile; fileRef = F779BCEB28AA668A00BD65C0 /* RSUniversalTableViewCell.swift */; };
		F779BCF228AA682600BD65C0 /* ImageViewElement.swift in Sources */ = {isa = PBXBuildFile; fileRef = F779BCF128AA682600BD65C0 /* ImageViewElement.swift */; };
		F779BCF428AA683700BD65C0 /* ImageViewElement.xib in Resources */ = {isa = PBXBuildFile; fileRef = F779BCF328AA683700BD65C0 /* ImageViewElement.xib */; };
		F779BCF628AA6A4B00BD65C0 /* PriceAndNumberElement.swift in Sources */ = {isa = PBXBuildFile; fileRef = F779BCF528AA6A4B00BD65C0 /* PriceAndNumberElement.swift */; };
		F779BCF828AA6A5500BD65C0 /* PriceAndNumberElement.xib in Resources */ = {isa = PBXBuildFile; fileRef = F779BCF728AA6A5500BD65C0 /* PriceAndNumberElement.xib */; };
		F779BCFA28AA6FB900BD65C0 /* CustomerInfoElement.swift in Sources */ = {isa = PBXBuildFile; fileRef = F779BCF928AA6FB900BD65C0 /* CustomerInfoElement.swift */; };
		F779BCFC28AA6FC400BD65C0 /* CustomerInfoElement.xib in Resources */ = {isa = PBXBuildFile; fileRef = F779BCFB28AA6FC400BD65C0 /* CustomerInfoElement.xib */; };
		F779BCFE28AA746200BD65C0 /* OrderDueElement.swift in Sources */ = {isa = PBXBuildFile; fileRef = F779BCFD28AA746200BD65C0 /* OrderDueElement.swift */; };
		F779BD0028AA747200BD65C0 /* OrderDueElement.xib in Resources */ = {isa = PBXBuildFile; fileRef = F779BCFF28AA747200BD65C0 /* OrderDueElement.xib */; };
		F779BD0228AA760800BD65C0 /* OrderTypeElement.swift in Sources */ = {isa = PBXBuildFile; fileRef = F779BD0128AA760800BD65C0 /* OrderTypeElement.swift */; };
		F779BD0428AA761B00BD65C0 /* OrderTypeElement.xib in Resources */ = {isa = PBXBuildFile; fileRef = F779BD0328AA761B00BD65C0 /* OrderTypeElement.xib */; };
		F779BD0628AA76EC00BD65C0 /* StatusElement.swift in Sources */ = {isa = PBXBuildFile; fileRef = F779BD0528AA76EC00BD65C0 /* StatusElement.swift */; };
		F779BD0A28AA773500BD65C0 /* StatusElement.xib in Resources */ = {isa = PBXBuildFile; fileRef = F779BD0928AA773500BD65C0 /* StatusElement.xib */; };
		F7F1B0A028ACF6CF00B16617 /* DriveThroughQueueOrdersViewControllerTableCell.swift in Sources */ = {isa = PBXBuildFile; fileRef = F7F1B09E28ACF6CF00B16617 /* DriveThroughQueueOrdersViewControllerTableCell.swift */; };
		F7F1B0A128ACF6CF00B16617 /* DriveThroughQueueOrdersViewControllerTableCell.xib in Resources */ = {isa = PBXBuildFile; fileRef = F7F1B09F28ACF6CF00B16617 /* DriveThroughQueueOrdersViewControllerTableCell.xib */; };
		F7F1B0A328ACF72C00B16617 /* DoorDashQueueTableViewCell.xib in Resources */ = {isa = PBXBuildFile; fileRef = F7F1B0A228ACF72C00B16617 /* DoorDashQueueTableViewCell.xib */; };
		F7F1B0A528ACF75300B16617 /* DoorDashQueueTableViewCell.swift in Sources */ = {isa = PBXBuildFile; fileRef = F7F1B0A428ACF75300B16617 /* DoorDashQueueTableViewCell.swift */; };
		F7F1B0AA28AD05AE00B16617 /* NumberAndItemsElement.swift in Sources */ = {isa = PBXBuildFile; fileRef = F7F1B0A928AD05AE00B16617 /* NumberAndItemsElement.swift */; };
		F7F1B0AC28AD05BA00B16617 /* NumberAndItemsElement.xib in Resources */ = {isa = PBXBuildFile; fileRef = F7F1B0AB28AD05BA00B16617 /* NumberAndItemsElement.xib */; };
		F7F1B0AE28AD10CD00B16617 /* NameAndPhoneNumber.swift in Sources */ = {isa = PBXBuildFile; fileRef = F7F1B0AD28AD10CD00B16617 /* NameAndPhoneNumber.swift */; };
		F7F1B0B228AD1D1E00B16617 /* ItemsQtyElement.swift in Sources */ = {isa = PBXBuildFile; fileRef = F7F1B0B128AD1D1E00B16617 /* ItemsQtyElement.swift */; };
		F7F1B0B428AD1D3A00B16617 /* ItemsQtyElement.xib in Resources */ = {isa = PBXBuildFile; fileRef = F7F1B0B328AD1D3A00B16617 /* ItemsQtyElement.xib */; };
/* End PBXBuildFile section */

/* Begin PBXFileReference section */
		F70C74F328AE401800FD5B91 /* TimeElapsed.swift */ = {isa = PBXFileReference; lastKnownFileType = sourcecode.swift; path = TimeElapsed.swift; sourceTree = "<group>"; };
		F70C74F528AE402500FD5B91 /* TimeElapsed.xib */ = {isa = PBXFileReference; lastKnownFileType = file.xib; path = TimeElapsed.xib; sourceTree = "<group>"; };
		F70C74F928AEA51200FD5B91 /* NameAndPhoneNumber.xib */ = {isa = PBXFileReference; lastKnownFileType = file.xib; path = NameAndPhoneNumber.xib; sourceTree = "<group>"; };
		F70C750128AF889E00FD5B91 /* RSUniversalTableViewCell.xib */ = {isa = PBXFileReference; lastKnownFileType = file.xib; path = RSUniversalTableViewCell.xib; sourceTree = "<group>"; };
		F70C750528AFA33C00FD5B91 /* someSpecific.swift */ = {isa = PBXFileReference; lastKnownFileType = sourcecode.swift; path = someSpecific.swift; sourceTree = "<group>"; };
		F70C750728AFD03D00FD5B91 /* SuperUniversalCell.swift */ = {isa = PBXFileReference; lastKnownFileType = sourcecode.swift; path = SuperUniversalCell.swift; sourceTree = "<group>"; };
		F724FB3C28A96DB700385354 /* elementsTest.app */ = {isa = PBXFileReference; explicitFileType = wrapper.application; includeInIndex = 0; path = elementsTest.app; sourceTree = BUILT_PRODUCTS_DIR; };
		F724FB3F28A96DB700385354 /* AppDelegate.swift */ = {isa = PBXFileReference; lastKnownFileType = sourcecode.swift; path = AppDelegate.swift; sourceTree = "<group>"; };
		F724FB4128A96DB700385354 /* SceneDelegate.swift */ = {isa = PBXFileReference; lastKnownFileType = sourcecode.swift; path = SceneDelegate.swift; sourceTree = "<group>"; };
		F724FB4328A96DB700385354 /* ViewController.swift */ = {isa = PBXFileReference; lastKnownFileType = sourcecode.swift; path = ViewController.swift; sourceTree = "<group>"; };
		F724FB4628A96DB700385354 /* Base */ = {isa = PBXFileReference; lastKnownFileType = file.storyboard; name = Base; path = Base.lproj/Main.storyboard; sourceTree = "<group>"; };
		F724FB4828A96DC300385354 /* Assets.xcassets */ = {isa = PBXFileReference; lastKnownFileType = folder.assetcatalog; path = Assets.xcassets; sourceTree = "<group>"; };
		F724FB4B28A96DC300385354 /* Base */ = {isa = PBXFileReference; lastKnownFileType = file.storyboard; name = Base; path = Base.lproj/LaunchScreen.storyboard; sourceTree = "<group>"; };
		F724FB4D28A96DC300385354 /* Info.plist */ = {isa = PBXFileReference; lastKnownFileType = text.plist.xml; path = Info.plist; sourceTree = "<group>"; };
		F74B914028AB96FF006C04F2 /* UIColor+.swift */ = {isa = PBXFileReference; lastKnownFileType = sourcecode.swift; path = "UIColor+.swift"; sourceTree = "<group>"; };
		F779BCE728AA650200BD65C0 /* OnlineOrdersQueueTableViewCell.swift */ = {isa = PBXFileReference; fileEncoding = 4; lastKnownFileType = sourcecode.swift; path = OnlineOrdersQueueTableViewCell.swift; sourceTree = "<group>"; };
		F779BCE828AA650200BD65C0 /* OnlineOrdersQueueTableViewCell.xib */ = {isa = PBXFileReference; fileEncoding = 4; lastKnownFileType = file.xib; path = OnlineOrdersQueueTableViewCell.xib; sourceTree = "<group>"; };
		F779BCEB28AA668A00BD65C0 /* RSUniversalTableViewCell.swift */ = {isa = PBXFileReference; lastKnownFileType = sourcecode.swift; path = RSUniversalTableViewCell.swift; sourceTree = "<group>"; };
		F779BCF128AA682600BD65C0 /* ImageViewElement.swift */ = {isa = PBXFileReference; lastKnownFileType = sourcecode.swift; path = ImageViewElement.swift; sourceTree = "<group>"; };
		F779BCF328AA683700BD65C0 /* ImageViewElement.xib */ = {isa = PBXFileReference; lastKnownFileType = file.xib; path = ImageViewElement.xib; sourceTree = "<group>"; };
		F779BCF528AA6A4B00BD65C0 /* PriceAndNumberElement.swift */ = {isa = PBXFileReference; lastKnownFileType = sourcecode.swift; path = PriceAndNumberElement.swift; sourceTree = "<group>"; };
		F779BCF728AA6A5500BD65C0 /* PriceAndNumberElement.xib */ = {isa = PBXFileReference; lastKnownFileType = file.xib; path = PriceAndNumberElement.xib; sourceTree = "<group>"; };
		F779BCF928AA6FB900BD65C0 /* CustomerInfoElement.swift */ = {isa = PBXFileReference; lastKnownFileType = sourcecode.swift; path = CustomerInfoElement.swift; sourceTree = "<group>"; };
		F779BCFB28AA6FC400BD65C0 /* CustomerInfoElement.xib */ = {isa = PBXFileReference; lastKnownFileType = file.xib; path = CustomerInfoElement.xib; sourceTree = "<group>"; };
		F779BCFD28AA746200BD65C0 /* OrderDueElement.swift */ = {isa = PBXFileReference; lastKnownFileType = sourcecode.swift; path = OrderDueElement.swift; sourceTree = "<group>"; };
		F779BCFF28AA747200BD65C0 /* OrderDueElement.xib */ = {isa = PBXFileReference; lastKnownFileType = file.xib; path = OrderDueElement.xib; sourceTree = "<group>"; };
		F779BD0128AA760800BD65C0 /* OrderTypeElement.swift */ = {isa = PBXFileReference; lastKnownFileType = sourcecode.swift; path = OrderTypeElement.swift; sourceTree = "<group>"; };
		F779BD0328AA761B00BD65C0 /* OrderTypeElement.xib */ = {isa = PBXFileReference; lastKnownFileType = file.xib; path = OrderTypeElement.xib; sourceTree = "<group>"; };
		F779BD0528AA76EC00BD65C0 /* StatusElement.swift */ = {isa = PBXFileReference; lastKnownFileType = sourcecode.swift; path = StatusElement.swift; sourceTree = "<group>"; };
		F779BD0928AA773500BD65C0 /* StatusElement.xib */ = {isa = PBXFileReference; lastKnownFileType = file.xib; path = StatusElement.xib; sourceTree = "<group>"; };
		F7F1B09E28ACF6CF00B16617 /* DriveThroughQueueOrdersViewControllerTableCell.swift */ = {isa = PBXFileReference; fileEncoding = 4; lastKnownFileType = sourcecode.swift; path = DriveThroughQueueOrdersViewControllerTableCell.swift; sourceTree = "<group>"; };
		F7F1B09F28ACF6CF00B16617 /* DriveThroughQueueOrdersViewControllerTableCell.xib */ = {isa = PBXFileReference; fileEncoding = 4; lastKnownFileType = file.xib; path = DriveThroughQueueOrdersViewControllerTableCell.xib; sourceTree = "<group>"; };
		F7F1B0A228ACF72C00B16617 /* DoorDashQueueTableViewCell.xib */ = {isa = PBXFileReference; fileEncoding = 4; lastKnownFileType = file.xib; path = DoorDashQueueTableViewCell.xib; sourceTree = "<group>"; };
		F7F1B0A428ACF75300B16617 /* DoorDashQueueTableViewCell.swift */ = {isa = PBXFileReference; fileEncoding = 4; lastKnownFileType = sourcecode.swift; path = DoorDashQueueTableViewCell.swift; sourceTree = "<group>"; };
		F7F1B0A928AD05AE00B16617 /* NumberAndItemsElement.swift */ = {isa = PBXFileReference; lastKnownFileType = sourcecode.swift; path = NumberAndItemsElement.swift; sourceTree = "<group>"; };
		F7F1B0AB28AD05BA00B16617 /* NumberAndItemsElement.xib */ = {isa = PBXFileReference; lastKnownFileType = file.xib; path = NumberAndItemsElement.xib; sourceTree = "<group>"; };
		F7F1B0AD28AD10CD00B16617 /* NameAndPhoneNumber.swift */ = {isa = PBXFileReference; lastKnownFileType = sourcecode.swift; path = NameAndPhoneNumber.swift; sourceTree = "<group>"; };
		F7F1B0B128AD1D1E00B16617 /* ItemsQtyElement.swift */ = {isa = PBXFileReference; lastKnownFileType = sourcecode.swift; path = ItemsQtyElement.swift; sourceTree = "<group>"; };
		F7F1B0B328AD1D3A00B16617 /* ItemsQtyElement.xib */ = {isa = PBXFileReference; lastKnownFileType = file.xib; path = ItemsQtyElement.xib; sourceTree = "<group>"; };
/* End PBXFileReference section */

/* Begin PBXFrameworksBuildPhase section */
		F724FB3928A96DB700385354 /* Frameworks */ = {
			isa = PBXFrameworksBuildPhase;
			buildActionMask = 2147483647;
			files = (
			);
			runOnlyForDeploymentPostprocessing = 0;
		};
/* End PBXFrameworksBuildPhase section */

/* Begin PBXGroup section */
		F70C750428AFA31400FD5B91 /* test */ = {
			isa = PBXGroup;
			children = (
				F70C750528AFA33C00FD5B91 /* someSpecific.swift */,
				F70C750728AFD03D00FD5B91 /* SuperUniversalCell.swift */,
			);
			path = test;
			sourceTree = "<group>";
		};
		F724FB3328A96DB700385354 = {
			isa = PBXGroup;
			children = (
				F724FB3E28A96DB700385354 /* elementsTest */,
				F724FB3D28A96DB700385354 /* Products */,
			);
			sourceTree = "<group>";
		};
		F724FB3D28A96DB700385354 /* Products */ = {
			isa = PBXGroup;
			children = (
				F724FB3C28A96DB700385354 /* elementsTest.app */,
			);
			name = Products;
			sourceTree = "<group>";
		};
		F724FB3E28A96DB700385354 /* elementsTest */ = {
			isa = PBXGroup;
			children = (
				F70C750428AFA31400FD5B91 /* test */,
				F724FB3F28A96DB700385354 /* AppDelegate.swift */,
				F724FB4128A96DB700385354 /* SceneDelegate.swift */,
				F724FB4328A96DB700385354 /* ViewController.swift */,
				F724FB4528A96DB700385354 /* Main.storyboard */,
				F779BCEF28AA678C00BD65C0 /* UniversalCell */,
				F779BCF028AA67A100BD65C0 /* CellElements */,
				F7F1B0A628ACF76A00B16617 /* OldStyleCell */,
				F724FB4828A96DC300385354 /* Assets.xcassets */,
				F724FB4A28A96DC300385354 /* LaunchScreen.storyboard */,
				F724FB4D28A96DC300385354 /* Info.plist */,
				F74B914028AB96FF006C04F2 /* UIColor+.swift */,
			);
			path = elementsTest;
			sourceTree = "<group>";
		};
		F779BCEF28AA678C00BD65C0 /* UniversalCell */ = {
			isa = PBXGroup;
			children = (
				F779BCEB28AA668A00BD65C0 /* RSUniversalTableViewCell.swift */,
				F70C750128AF889E00FD5B91 /* RSUniversalTableViewCell.xib */,
			);
			path = UniversalCell;
			sourceTree = "<group>";
		};
		F779BCF028AA67A100BD65C0 /* CellElements */ = {
			isa = PBXGroup;
			children = (
				F779BCF128AA682600BD65C0 /* ImageViewElement.swift */,
				F779BCF328AA683700BD65C0 /* ImageViewElement.xib */,
				F779BCF528AA6A4B00BD65C0 /* PriceAndNumberElement.swift */,
				F779BCF728AA6A5500BD65C0 /* PriceAndNumberElement.xib */,
				F779BCF928AA6FB900BD65C0 /* CustomerInfoElement.swift */,
				F779BCFB28AA6FC400BD65C0 /* CustomerInfoElement.xib */,
				F779BCFD28AA746200BD65C0 /* OrderDueElement.swift */,
				F779BCFF28AA747200BD65C0 /* OrderDueElement.xib */,
				F779BD0128AA760800BD65C0 /* OrderTypeElement.swift */,
				F779BD0328AA761B00BD65C0 /* OrderTypeElement.xib */,
				F779BD0528AA76EC00BD65C0 /* StatusElement.swift */,
				F779BD0928AA773500BD65C0 /* StatusElement.xib */,
				F7F1B0A928AD05AE00B16617 /* NumberAndItemsElement.swift */,
				F7F1B0AB28AD05BA00B16617 /* NumberAndItemsElement.xib */,
				F7F1B0AD28AD10CD00B16617 /* NameAndPhoneNumber.swift */,
				F70C74F928AEA51200FD5B91 /* NameAndPhoneNumber.xib */,
				F7F1B0B128AD1D1E00B16617 /* ItemsQtyElement.swift */,
				F7F1B0B328AD1D3A00B16617 /* ItemsQtyElement.xib */,
				F70C74F328AE401800FD5B91 /* TimeElapsed.swift */,
				F70C74F528AE402500FD5B91 /* TimeElapsed.xib */,
			);
			path = CellElements;
			sourceTree = "<group>";
		};
		F7F1B0A628ACF76A00B16617 /* OldStyleCell */ = {
			isa = PBXGroup;
			children = (
				F779BCE728AA650200BD65C0 /* OnlineOrdersQueueTableViewCell.swift */,
				F779BCE828AA650200BD65C0 /* OnlineOrdersQueueTableViewCell.xib */,
				F7F1B09E28ACF6CF00B16617 /* DriveThroughQueueOrdersViewControllerTableCell.swift */,
				F7F1B09F28ACF6CF00B16617 /* DriveThroughQueueOrdersViewControllerTableCell.xib */,
				F7F1B0A428ACF75300B16617 /* DoorDashQueueTableViewCell.swift */,
				F7F1B0A228ACF72C00B16617 /* DoorDashQueueTableViewCell.xib */,
			);
			path = OldStyleCell;
			sourceTree = "<group>";
		};
/* End PBXGroup section */

/* Begin PBXNativeTarget section */
		F724FB3B28A96DB700385354 /* elementsTest */ = {
			isa = PBXNativeTarget;
			buildConfigurationList = F724FB5028A96DC300385354 /* Build configuration list for PBXNativeTarget "elementsTest" */;
			buildPhases = (
				F724FB3828A96DB700385354 /* Sources */,
				F724FB3928A96DB700385354 /* Frameworks */,
				F724FB3A28A96DB700385354 /* Resources */,
			);
			buildRules = (
			);
			dependencies = (
			);
			name = elementsTest;
			productName = elementsTest;
			productReference = F724FB3C28A96DB700385354 /* elementsTest.app */;
			productType = "com.apple.product-type.application";
		};
/* End PBXNativeTarget section */

/* Begin PBXProject section */
		F724FB3428A96DB700385354 /* Project object */ = {
			isa = PBXProject;
			attributes = {
				BuildIndependentTargetsInParallel = 1;
				LastSwiftUpdateCheck = 1340;
				LastUpgradeCheck = 1340;
				TargetAttributes = {
					F724FB3B28A96DB700385354 = {
						CreatedOnToolsVersion = 13.4.1;
					};
				};
			};
			buildConfigurationList = F724FB3728A96DB700385354 /* Build configuration list for PBXProject "elementsTest" */;
			compatibilityVersion = "Xcode 13.0";
			developmentRegion = en;
			hasScannedForEncodings = 0;
			knownRegions = (
				en,
				Base,
			);
			mainGroup = F724FB3328A96DB700385354;
			productRefGroup = F724FB3D28A96DB700385354 /* Products */;
			projectDirPath = "";
			projectRoot = "";
			targets = (
				F724FB3B28A96DB700385354 /* elementsTest */,
			);
		};
/* End PBXProject section */

/* Begin PBXResourcesBuildPhase section */
		F724FB3A28A96DB700385354 /* Resources */ = {
			isa = PBXResourcesBuildPhase;
			buildActionMask = 2147483647;
			files = (
				F779BCFC28AA6FC400BD65C0 /* CustomerInfoElement.xib in Resources */,
				F70C750228AF889E00FD5B91 /* RSUniversalTableViewCell.xib in Resources */,
				F779BD0A28AA773500BD65C0 /* StatusElement.xib in Resources */,
				F779BD0028AA747200BD65C0 /* OrderDueElement.xib in Resources */,
				F70C74FA28AEA51200FD5B91 /* NameAndPhoneNumber.xib in Resources */,
				F724FB4C28A96DC300385354 /* LaunchScreen.storyboard in Resources */,
				F779BD0428AA761B00BD65C0 /* OrderTypeElement.xib in Resources */,
				F7F1B0A128ACF6CF00B16617 /* DriveThroughQueueOrdersViewControllerTableCell.xib in Resources */,
				F779BCF828AA6A5500BD65C0 /* PriceAndNumberElement.xib in Resources */,
				F7F1B0A328ACF72C00B16617 /* DoorDashQueueTableViewCell.xib in Resources */,
				F70C74F628AE402500FD5B91 /* TimeElapsed.xib in Resources */,
				F7F1B0AC28AD05BA00B16617 /* NumberAndItemsElement.xib in Resources */,
				F724FB4928A96DC300385354 /* Assets.xcassets in Resources */,
				F779BCF428AA683700BD65C0 /* ImageViewElement.xib in Resources */,
				F724FB4728A96DB700385354 /* Main.storyboard in Resources */,
				F7F1B0B428AD1D3A00B16617 /* ItemsQtyElement.xib in Resources */,
				F779BCEA28AA650200BD65C0 /* OnlineOrdersQueueTableViewCell.xib in Resources */,
			);
			runOnlyForDeploymentPostprocessing = 0;
		};
/* End PBXResourcesBuildPhase section */

/* Begin PBXSourcesBuildPhase section */
		F724FB3828A96DB700385354 /* Sources */ = {
			isa = PBXSourcesBuildPhase;
			buildActionMask = 2147483647;
			files = (
				F724FB4428A96DB700385354 /* ViewController.swift in Sources */,
				F70C74F428AE401800FD5B91 /* TimeElapsed.swift in Sources */,
				F779BCED28AA668A00BD65C0 /* RSUniversalTableViewCell.swift in Sources */,
				F779BCFE28AA746200BD65C0 /* OrderDueElement.swift in Sources */,
				F70C750628AFA33C00FD5B91 /* someSpecific.swift in Sources */,
				F779BD0228AA760800BD65C0 /* OrderTypeElement.swift in Sources */,
				F724FB4028A96DB700385354 /* AppDelegate.swift in Sources */,
				F74B914128AB96FF006C04F2 /* UIColor+.swift in Sources */,
				F779BCF228AA682600BD65C0 /* ImageViewElement.swift in Sources */,
				F7F1B0B228AD1D1E00B16617 /* ItemsQtyElement.swift in Sources */,
				F779BCFA28AA6FB900BD65C0 /* CustomerInfoElement.swift in Sources */,
				F7F1B0A528ACF75300B16617 /* DoorDashQueueTableViewCell.swift in Sources */,
				F779BCF628AA6A4B00BD65C0 /* PriceAndNumberElement.swift in Sources */,
				F7F1B0AE28AD10CD00B16617 /* NameAndPhoneNumber.swift in Sources */,
				F7F1B0A028ACF6CF00B16617 /* DriveThroughQueueOrdersViewControllerTableCell.swift in Sources */,
				F7F1B0AA28AD05AE00B16617 /* NumberAndItemsElement.swift in Sources */,
				F724FB4228A96DB700385354 /* SceneDelegate.swift in Sources */,
				F779BD0628AA76EC00BD65C0 /* StatusElement.swift in Sources */,
				F779BCE928AA650200BD65C0 /* OnlineOrdersQueueTableViewCell.swift in Sources */,
				F70C750828AFD03D00FD5B91 /* SuperUniversalCell.swift in Sources */,
			);
			runOnlyForDeploymentPostprocessing = 0;
		};
/* End PBXSourcesBuildPhase section */

/* Begin PBXVariantGroup section */
		F724FB4528A96DB700385354 /* Main.storyboard */ = {
			isa = PBXVariantGroup;
			children = (
				F724FB4628A96DB700385354 /* Base */,
			);
			name = Main.storyboard;
			sourceTree = "<group>";
		};
		F724FB4A28A96DC300385354 /* LaunchScreen.storyboard */ = {
			isa = PBXVariantGroup;
			children = (
				F724FB4B28A96DC300385354 /* Base */,
			);
			name = LaunchScreen.storyboard;
			sourceTree = "<group>";
		};
/* End PBXVariantGroup section */

/* Begin XCBuildConfiguration section */
		F724FB4E28A96DC300385354 /* Debug */ = {
			isa = XCBuildConfiguration;
			buildSettings = {
				ALWAYS_SEARCH_USER_PATHS = NO;
				CLANG_ANALYZER_NONNULL = YES;
				CLANG_ANALYZER_NUMBER_OBJECT_CONVERSION = YES_AGGRESSIVE;
				CLANG_CXX_LANGUAGE_STANDARD = "gnu++17";
				CLANG_ENABLE_MODULES = YES;
				CLANG_ENABLE_OBJC_ARC = YES;
				CLANG_ENABLE_OBJC_WEAK = YES;
				CLANG_WARN_BLOCK_CAPTURE_AUTORELEASING = YES;
				CLANG_WARN_BOOL_CONVERSION = YES;
				CLANG_WARN_COMMA = YES;
				CLANG_WARN_CONSTANT_CONVERSION = YES;
				CLANG_WARN_DEPRECATED_OBJC_IMPLEMENTATIONS = YES;
				CLANG_WARN_DIRECT_OBJC_ISA_USAGE = YES_ERROR;
				CLANG_WARN_DOCUMENTATION_COMMENTS = YES;
				CLANG_WARN_EMPTY_BODY = YES;
				CLANG_WARN_ENUM_CONVERSION = YES;
				CLANG_WARN_INFINITE_RECURSION = YES;
				CLANG_WARN_INT_CONVERSION = YES;
				CLANG_WARN_NON_LITERAL_NULL_CONVERSION = YES;
				CLANG_WARN_OBJC_IMPLICIT_RETAIN_SELF = YES;
				CLANG_WARN_OBJC_LITERAL_CONVERSION = YES;
				CLANG_WARN_OBJC_ROOT_CLASS = YES_ERROR;
				CLANG_WARN_QUOTED_INCLUDE_IN_FRAMEWORK_HEADER = YES;
				CLANG_WARN_RANGE_LOOP_ANALYSIS = YES;
				CLANG_WARN_STRICT_PROTOTYPES = YES;
				CLANG_WARN_SUSPICIOUS_MOVE = YES;
				CLANG_WARN_UNGUARDED_AVAILABILITY = YES_AGGRESSIVE;
				CLANG_WARN_UNREACHABLE_CODE = YES;
				CLANG_WARN__DUPLICATE_METHOD_MATCH = YES;
				COPY_PHASE_STRIP = NO;
				DEBUG_INFORMATION_FORMAT = dwarf;
				ENABLE_STRICT_OBJC_MSGSEND = YES;
				ENABLE_TESTABILITY = YES;
				GCC_C_LANGUAGE_STANDARD = gnu11;
				GCC_DYNAMIC_NO_PIC = NO;
				GCC_NO_COMMON_BLOCKS = YES;
				GCC_OPTIMIZATION_LEVEL = 0;
				GCC_PREPROCESSOR_DEFINITIONS = (
					"DEBUG=1",
					"$(inherited)",
				);
				GCC_WARN_64_TO_32_BIT_CONVERSION = YES;
				GCC_WARN_ABOUT_RETURN_TYPE = YES_ERROR;
				GCC_WARN_UNDECLARED_SELECTOR = YES;
				GCC_WARN_UNINITIALIZED_AUTOS = YES_AGGRESSIVE;
				GCC_WARN_UNUSED_FUNCTION = YES;
				GCC_WARN_UNUSED_VARIABLE = YES;
				IPHONEOS_DEPLOYMENT_TARGET = 15.5;
				MTL_ENABLE_DEBUG_INFO = INCLUDE_SOURCE;
				MTL_FAST_MATH = YES;
				ONLY_ACTIVE_ARCH = YES;
				SDKROOT = iphoneos;
				SWIFT_ACTIVE_COMPILATION_CONDITIONS = DEBUG;
				SWIFT_OPTIMIZATION_LEVEL = "-Onone";
			};
			name = Debug;
		};
		F724FB4F28A96DC300385354 /* Release */ = {
			isa = XCBuildConfiguration;
			buildSettings = {
				ALWAYS_SEARCH_USER_PATHS = NO;
				CLANG_ANALYZER_NONNULL = YES;
				CLANG_ANALYZER_NUMBER_OBJECT_CONVERSION = YES_AGGRESSIVE;
				CLANG_CXX_LANGUAGE_STANDARD = "gnu++17";
				CLANG_ENABLE_MODULES = YES;
				CLANG_ENABLE_OBJC_ARC = YES;
				CLANG_ENABLE_OBJC_WEAK = YES;
				CLANG_WARN_BLOCK_CAPTURE_AUTORELEASING = YES;
				CLANG_WARN_BOOL_CONVERSION = YES;
				CLANG_WARN_COMMA = YES;
				CLANG_WARN_CONSTANT_CONVERSION = YES;
				CLANG_WARN_DEPRECATED_OBJC_IMPLEMENTATIONS = YES;
				CLANG_WARN_DIRECT_OBJC_ISA_USAGE = YES_ERROR;
				CLANG_WARN_DOCUMENTATION_COMMENTS = YES;
				CLANG_WARN_EMPTY_BODY = YES;
				CLANG_WARN_ENUM_CONVERSION = YES;
				CLANG_WARN_INFINITE_RECURSION = YES;
				CLANG_WARN_INT_CONVERSION = YES;
				CLANG_WARN_NON_LITERAL_NULL_CONVERSION = YES;
				CLANG_WARN_OBJC_IMPLICIT_RETAIN_SELF = YES;
				CLANG_WARN_OBJC_LITERAL_CONVERSION = YES;
				CLANG_WARN_OBJC_ROOT_CLASS = YES_ERROR;
				CLANG_WARN_QUOTED_INCLUDE_IN_FRAMEWORK_HEADER = YES;
				CLANG_WARN_RANGE_LOOP_ANALYSIS = YES;
				CLANG_WARN_STRICT_PROTOTYPES = YES;
				CLANG_WARN_SUSPICIOUS_MOVE = YES;
				CLANG_WARN_UNGUARDED_AVAILABILITY = YES_AGGRESSIVE;
				CLANG_WARN_UNREACHABLE_CODE = YES;
				CLANG_WARN__DUPLICATE_METHOD_MATCH = YES;
				COPY_PHASE_STRIP = NO;
				DEBUG_INFORMATION_FORMAT = "dwarf-with-dsym";
				ENABLE_NS_ASSERTIONS = NO;
				ENABLE_STRICT_OBJC_MSGSEND = YES;
				GCC_C_LANGUAGE_STANDARD = gnu11;
				GCC_NO_COMMON_BLOCKS = YES;
				GCC_WARN_64_TO_32_BIT_CONVERSION = YES;
				GCC_WARN_ABOUT_RETURN_TYPE = YES_ERROR;
				GCC_WARN_UNDECLARED_SELECTOR = YES;
				GCC_WARN_UNINITIALIZED_AUTOS = YES_AGGRESSIVE;
				GCC_WARN_UNUSED_FUNCTION = YES;
				GCC_WARN_UNUSED_VARIABLE = YES;
				IPHONEOS_DEPLOYMENT_TARGET = 15.5;
				MTL_ENABLE_DEBUG_INFO = NO;
				MTL_FAST_MATH = YES;
				SDKROOT = iphoneos;
				SWIFT_COMPILATION_MODE = wholemodule;
				SWIFT_OPTIMIZATION_LEVEL = "-O";
				VALIDATE_PRODUCT = YES;
			};
			name = Release;
		};
		F724FB5128A96DC300385354 /* Debug */ = {
			isa = XCBuildConfiguration;
			buildSettings = {
				ASSETCATALOG_COMPILER_APPICON_NAME = AppIcon;
				ASSETCATALOG_COMPILER_GLOBAL_ACCENT_COLOR_NAME = AccentColor;
				CODE_SIGN_STYLE = Automatic;
				CURRENT_PROJECT_VERSION = 1;
				DEVELOPMENT_TEAM = R233GVGCQ6;
				GENERATE_INFOPLIST_FILE = YES;
				INFOPLIST_FILE = elementsTest/Info.plist;
				INFOPLIST_KEY_UIApplicationSupportsIndirectInputEvents = YES;
				INFOPLIST_KEY_UILaunchStoryboardName = LaunchScreen;
				INFOPLIST_KEY_UIMainStoryboardFile = Main;
				INFOPLIST_KEY_UISupportedInterfaceOrientations_iPad = "UIInterfaceOrientationPortrait UIInterfaceOrientationPortraitUpsideDown UIInterfaceOrientationLandscapeLeft UIInterfaceOrientationLandscapeRight";
				INFOPLIST_KEY_UISupportedInterfaceOrientations_iPhone = "UIInterfaceOrientationPortrait UIInterfaceOrientationLandscapeLeft UIInterfaceOrientationLandscapeRight";
				LD_RUNPATH_SEARCH_PATHS = (
					"$(inherited)",
					"@executable_path/Frameworks",
				);
				MARKETING_VERSION = 1.0;
				PRODUCT_BUNDLE_IDENTIFIER = KranokutskiiYaroslav..elementsTest;
				PRODUCT_NAME = "$(TARGET_NAME)";
				SWIFT_EMIT_LOC_STRINGS = YES;
				SWIFT_VERSION = 5.0;
				TARGETED_DEVICE_FAMILY = "1,2";
			};
			name = Debug;
		};
		F724FB5228A96DC300385354 /* Release */ = {
			isa = XCBuildConfiguration;
			buildSettings = {
				ASSETCATALOG_COMPILER_APPICON_NAME = AppIcon;
				ASSETCATALOG_COMPILER_GLOBAL_ACCENT_COLOR_NAME = AccentColor;
				CODE_SIGN_STYLE = Automatic;
				CURRENT_PROJECT_VERSION = 1;
				DEVELOPMENT_TEAM = R233GVGCQ6;
				GENERATE_INFOPLIST_FILE = YES;
				INFOPLIST_FILE = elementsTest/Info.plist;
				INFOPLIST_KEY_UIApplicationSupportsIndirectInputEvents = YES;
				INFOPLIST_KEY_UILaunchStoryboardName = LaunchScreen;
				INFOPLIST_KEY_UIMainStoryboardFile = Main;
				INFOPLIST_KEY_UISupportedInterfaceOrientations_iPad = "UIInterfaceOrientationPortrait UIInterfaceOrientationPortraitUpsideDown UIInterfaceOrientationLandscapeLeft UIInterfaceOrientationLandscapeRight";
				INFOPLIST_KEY_UISupportedInterfaceOrientations_iPhone = "UIInterfaceOrientationPortrait UIInterfaceOrientationLandscapeLeft UIInterfaceOrientationLandscapeRight";
				LD_RUNPATH_SEARCH_PATHS = (
					"$(inherited)",
					"@executable_path/Frameworks",
				);
				MARKETING_VERSION = 1.0;
				PRODUCT_BUNDLE_IDENTIFIER = KranokutskiiYaroslav..elementsTest;
				PRODUCT_NAME = "$(TARGET_NAME)";
				SWIFT_EMIT_LOC_STRINGS = YES;
				SWIFT_VERSION = 5.0;
				TARGETED_DEVICE_FAMILY = "1,2";
			};
			name = Release;
		};
/* End XCBuildConfiguration section */

/* Begin XCConfigurationList section */
		F724FB3728A96DB700385354 /* Build configuration list for PBXProject "elementsTest" */ = {
			isa = XCConfigurationList;
			buildConfigurations = (
				F724FB4E28A96DC300385354 /* Debug */,
				F724FB4F28A96DC300385354 /* Release */,
			);
			defaultConfigurationIsVisible = 0;
			defaultConfigurationName = Release;
		};
		F724FB5028A96DC300385354 /* Build configuration list for PBXNativeTarget "elementsTest" */ = {
			isa = XCConfigurationList;
			buildConfigurations = (
				F724FB5128A96DC300385354 /* Debug */,
				F724FB5228A96DC300385354 /* Release */,
			);
			defaultConfigurationIsVisible = 0;
			defaultConfigurationName = Release;
		};
/* End XCConfigurationList section */
	};
	rootObject = F724FB3428A96DB700385354 /* Project object */;
}
